<Solution>
  <Folder Name="/Libraries/">
    <Project Path="src/ProDesigner.Geometry/ProDesigner.Geometry.csproj" />
    <Project Path="src/ProDesigner.DesignSystems/ProDesigner.DesignSystems.csproj" />
    <Project Path="src/ProDesigner.Prototyping/ProDesigner.Prototyping.csproj" />
    <Project Path="src/ProDesigner.PreviewProtocol/ProDesigner.PreviewProtocol.csproj" />
    <Project Path="src/ProDesigner.Persistence/ProDesigner.Persistence.csproj" />
    <Project Path="src/ProDesigner.Authoring/ProDesigner.Authoring.csproj" />
    <Project Path="src/ProDesigner.Core/ProDesigner.Core.csproj" />
    <Project Path="src/ProDesigner.Xaml/ProDesigner.Xaml.csproj" />
    <Project Path="src/ProDesigner.Design/ProDesigner.Design.csproj" />
    <Project Path="src/ProDesigner.Animation/ProDesigner.Animation.csproj" />
    <Project Path="src/ProDesigner.XamlX/ProDesigner.XamlX.csproj" />
    <Project Path="src/ProDesigner.Roslyn/ProDesigner.Roslyn.csproj" />
    <Project Path="src/ProDesigner.Runtime/ProDesigner.Runtime.csproj" />
    <Project Path="src/ProDesigner.Workspaces/ProDesigner.Workspaces.csproj" />
    <Project Path="src/ProDesigner.Avalonia/ProDesigner.Avalonia.csproj" />
    <Project Path="src/ProDesigner.Workbench/ProDesigner.Workbench.csproj" />
  </Folder>
  <Folder Name="/Applications/">
    <Project Path="apps/ProDesigner.Desktop/ProDesigner.Desktop.csproj" />
  </Folder>
  <Folder Name="/Fixtures/">
    <Project Path="tests/Fixtures/PreviewProject/PreviewProject.csproj" />
  </Folder>
  <Folder Name="/Tests/">
    <Project Path="tests/ProDesigner.Tests/ProDesigner.Tests.csproj" />
  </Folder>
</Solution>
